github.com/ari1021/clean-architecture-sample v0.0.0-20210219132219-67ed04e55595 h1:Htnz5in9pol7krd3bswjyhvbaLnrdwllrSha4RGmwlc=
github.com/ari1021/clean-architecture-sample v0.0.0-20210219132219-67ed04e55595/go.mod h1:I3qO+6IvPXwl87PdRYcLjMaqoUX/ce2zgwH5sQCLKF8=
github.com/go-sql-driver/mysql v1.5.0 h1:ozyZYNQW3x3HtqT1jira07DN2PArx2v7/mN66gGcHOs=
github.com/go-sql-driver/mysql v1.5.0/go.mod h1:DCzpHaOWr8IXmIStZouvnhqoel9Qv2LBy8hT2VhHyBg=
github.com/joho/godotenv v1.3.0 h1:Zjp+RcGpHhGlrMbJzXTrZZPrWj+1vfm90La1wgB6Bhc=
github.com/joho/godotenv v1.3.0/go.mod h1:7hK45KPybAkOC6peb+G5yklZfMxEjkZhHbwpqxOKXbg=
